
Microsoft Visual Studio Solution File, Format Version 12.00
# Visual Studio Version 17
VisualStudioVersion = 17.5.33530.505
MinimumVisualStudioVersion = 10.0.40219.1
Project("{FAE04EC0-301F-11D3-BF4B-00C04F79EFBC}") = "ListaStringsConsoleApp1", "ListaStringsConsoleApp1\ListaStringsConsoleApp1.csproj", "{A59C144E-DF14-4EAB-A912-3946AF108495}"
EndProject
Global
	GlobalSection(SolutionConfigurationPlatforms) = preSolution
		Debug|Any CPU = Debug|Any CPU
		Release|Any CPU = Release|Any CPU
	EndGlobalSection
	GlobalSection(ProjectConfigurationPlatforms) = postSolution
		{A59C144E-DF14-4EAB-A912-3946AF108495}.Debug|Any CPU.ActiveCfg = Debug|Any CPU
		{A59C144E-DF14-4EAB-A912-3946AF108495}.Debug|Any CPU.Build.0 = Debug|Any CPU
		{A59C144E-DF14-4EAB-A912-3946AF108495}.Release|Any CPU.ActiveCfg = Release|Any CPU
		{A59C144E-DF14-4EAB-A912-3946AF108495}.Release|Any CPU.Build.0 = Release|Any CPU
	EndGlobalSection
	GlobalSection(SolutionProperties) = preSolution
		HideSolutionNode = FALSE
	EndGlobalSection
	GlobalSection(ExtensibilityGlobals) = postSolution
		SolutionGuid = {4A9FE9A8-7E70-4E27-89C5-5BD3EA9657C4}
	EndGlobalSection
EndGlobal
